
Microsoft Visual Studio Solution File, Format Version 12.00
# Visual Studio Version 17
VisualStudioVersion = 17.3.32519.111
MinimumVisualStudioVersion = 10.0.40219.1
Project("{9A19103F-16F7-4668-BE54-9A1E7A4F7556}") = "SysPro.PilotAssessment.ConsoleApp", "SysPro.PilotAssessment.ConsoleApp\SysPro.PilotAssessment.ConsoleApp.csproj", "{62E6B9B9-B5C4-4F11-BD80-2425D4F397D8}"
EndProject
Project("{FAE04EC0-301F-11D3-BF4B-00C04F79EFBC}") = "Syspro.PilotAssessment.Domain", "Syspro.PilotAssessment.Domain\Syspro.PilotAssessment.Domain.csproj", "{E5E548FA-39B5-48CE-AE08-1024C96A1727}"
EndProject
Global
	GlobalSection(SolutionConfigurationPlatforms) = preSolution
		Debug|Any CPU = Debug|Any CPU
		Release|Any CPU = Release|Any CPU
	EndGlobalSection
	GlobalSection(ProjectConfigurationPlatforms) = postSolution
		{62E6B9B9-B5C4-4F11-BD80-2425D4F397D8}.Debug|Any CPU.ActiveCfg = Debug|Any CPU
		{62E6B9B9-B5C4-4F11-BD80-2425D4F397D8}.Debug|Any CPU.Build.0 = Debug|Any CPU
		{62E6B9B9-B5C4-4F11-BD80-2425D4F397D8}.Release|Any CPU.ActiveCfg = Release|Any CPU
		{62E6B9B9-B5C4-4F11-BD80-2425D4F397D8}.Release|Any CPU.Build.0 = Release|Any CPU
		{E5E548FA-39B5-48CE-AE08-1024C96A1727}.Debug|Any CPU.ActiveCfg = Debug|Any CPU
		{E5E548FA-39B5-48CE-AE08-1024C96A1727}.Debug|Any CPU.Build.0 = Debug|Any CPU
		{E5E548FA-39B5-48CE-AE08-1024C96A1727}.Release|Any CPU.ActiveCfg = Release|Any CPU
		{E5E548FA-39B5-48CE-AE08-1024C96A1727}.Release|Any CPU.Build.0 = Release|Any CPU
	EndGlobalSection
	GlobalSection(SolutionProperties) = preSolution
		HideSolutionNode = FALSE
	EndGlobalSection
	GlobalSection(ExtensibilityGlobals) = postSolution
		SolutionGuid = {E5DFE788-DDEF-4438-9172-0F59E2BE0016}
	EndGlobalSection
EndGlobal
